// !$*UTF8*$!
{
	archiveVersion = 1;
	classes = {
	};
	objectVersion = 51;
	objects = {

/* Begin PBXBuildFile section */
		2A65CCCA583E2B0ED03AC930 /* Pods_AppEscolarFI.framework in Frameworks */ = {isa = PBXBuildFile; fileRef = 5A39F462896A8EEC9E93C2FF /* Pods_AppEscolarFI.framework */; };
		3B1414C326AB5A6200015A1D /* AppDelegate.swift in Sources */ = {isa = PBXBuildFile; fileRef = 3B1414C226AB5A6200015A1D /* AppDelegate.swift */; };
		3B1414C526AB5A6200015A1D /* SceneDelegate.swift in Sources */ = {isa = PBXBuildFile; fileRef = 3B1414C426AB5A6200015A1D /* SceneDelegate.swift */; };
		3B1414C726AB5A6200015A1D /* ViewController.swift in Sources */ = {isa = PBXBuildFile; fileRef = 3B1414C626AB5A6200015A1D /* ViewController.swift */; };
		3B1414CA26AB5A6200015A1D /* Main.storyboard in Resources */ = {isa = PBXBuildFile; fileRef = 3B1414C826AB5A6200015A1D /* Main.storyboard */; };
		3B1414CC26AB5A6400015A1D /* Assets.xcassets in Resources */ = {isa = PBXBuildFile; fileRef = 3B1414CB26AB5A6400015A1D /* Assets.xcassets */; };
		3B1414CF26AB5A6400015A1D /* LaunchScreen.storyboard in Resources */ = {isa = PBXBuildFile; fileRef = 3B1414CD26AB5A6400015A1D /* LaunchScreen.storyboard */; };
		3B1C35E526CCD07D006EE0F1 /* DownloadDocumentViewController.swift in Sources */ = {isa = PBXBuildFile; fileRef = 3B1C35E426CCD07D006EE0F1 /* DownloadDocumentViewController.swift */; };
		3B1C35E826CCD849006EE0F1 /* PpreviewPDFViewController.swift in Sources */ = {isa = PBXBuildFile; fileRef = 3B1C35E726CCD849006EE0F1 /* PpreviewPDFViewController.swift */; };
		3B1C35EE26D3169B006EE0F1 /* PDFCreator.swift in Sources */ = {isa = PBXBuildFile; fileRef = 3B1C35ED26D3169B006EE0F1 /* PDFCreator.swift */; };
		3B1C35F126D3268D006EE0F1 /* LOGO-UNAM.png in Resources */ = {isa = PBXBuildFile; fileRef = 3B1C35F026D3268D006EE0F1 /* LOGO-UNAM.png */; };
		3B1C35F426D782DE006EE0F1 /* Student.swift in Sources */ = {isa = PBXBuildFile; fileRef = 3B1C35F326D782DD006EE0F1 /* Student.swift */; };
		3B1C35F726D8A71E006EE0F1 /* SchoolSubject.swift in Sources */ = {isa = PBXBuildFile; fileRef = 3B1C35F626D8A71E006EE0F1 /* SchoolSubject.swift */; };
		3B3AA08526FEF464007385A7 /* ViewStudentService.swift in Sources */ = {isa = PBXBuildFile; fileRef = 3B3AA08426FEF464007385A7 /* ViewStudentService.swift */; };
		3B3AA08826FF0479007385A7 /* BaseViewController.swift in Sources */ = {isa = PBXBuildFile; fileRef = 3B3AA08726FF0479007385A7 /* BaseViewController.swift */; };
		3B3AA09126FF8889007385A7 /* pngegg.png in Resources */ = {isa = PBXBuildFile; fileRef = 3B3AA09026FF8889007385A7 /* pngegg.png */; };
		3B41B37526AE3CC700915CF1 /* GoogleService-Info.plist in Resources */ = {isa = PBXBuildFile; fileRef = 3B41B37426AE3CC700915CF1 /* GoogleService-Info.plist */; };
		3B41B38826B9FB0B00915CF1 /* AmacaConfig.swift in Sources */ = {isa = PBXBuildFile; fileRef = 3B41B38726B9FB0B00915CF1 /* AmacaConfig.swift */; };
		3B41B38B26B9FB5300915CF1 /* HttpClient.swift in Sources */ = {isa = PBXBuildFile; fileRef = 3B41B38A26B9FB5300915CF1 /* HttpClient.swift */; };
		3B41B38E26B9FBCF00915CF1 /* ResponseError.swift in Sources */ = {isa = PBXBuildFile; fileRef = 3B41B38D26B9FBCF00915CF1 /* ResponseError.swift */; };
		3B41B39126B9FC2000915CF1 /* RequestError.swift in Sources */ = {isa = PBXBuildFile; fileRef = 3B41B39026B9FC2000915CF1 /* RequestError.swift */; };
		3B41B39426B9FD5400915CF1 /* HttpResponse.swift in Sources */ = {isa = PBXBuildFile; fileRef = 3B41B39326B9FD5400915CF1 /* HttpResponse.swift */; };
		3B41B39726B9FDAD00915CF1 /* StatusCode.swift in Sources */ = {isa = PBXBuildFile; fileRef = 3B41B39626B9FDAD00915CF1 /* StatusCode.swift */; };
		3B41B39A26B9FDDF00915CF1 /* RequestBuilder.swift in Sources */ = {isa = PBXBuildFile; fileRef = 3B41B39926B9FDDF00915CF1 /* RequestBuilder.swift */; };
		3B41B39D26B9FEB800915CF1 /* RestClient.swift in Sources */ = {isa = PBXBuildFile; fileRef = 3B41B39C26B9FEB800915CF1 /* RestClient.swift */; };
		3B41B3A126B9FFB500915CF1 /* ViewSchooSubjectsService.swift in Sources */ = {isa = PBXBuildFile; fileRef = 3B41B3A026B9FFB500915CF1 /* ViewSchooSubjectsService.swift */; };
		3B41B3A526BA00E100915CF1 /* Amaca.plist in Resources */ = {isa = PBXBuildFile; fileRef = 3B41B3A426BA00E100915CF1 /* Amaca.plist */; };
		3B41B3AC26BA12C600915CF1 /* NoticeViewController.swift in Sources */ = {isa = PBXBuildFile; fileRef = 3B41B3AB26BA12C600915CF1 /* NoticeViewController.swift */; };
		3B41C35026E0AFE1004B924D /* InformationViewController.swift in Sources */ = {isa = PBXBuildFile; fileRef = 3B41C34F26E0AFE1004B924D /* InformationViewController.swift */; };
		3B41C35326E0B216004B924D /* ShowPDFViewController.swift in Sources */ = {isa = PBXBuildFile; fileRef = 3B41C35226E0B216004B924D /* ShowPDFViewController.swift */; };
		3B41C36126E829B4004B924D /* PostCollectionViewCell.swift in Sources */ = {isa = PBXBuildFile; fileRef = 3B41C35F26E829B4004B924D /* PostCollectionViewCell.swift */; };
		3B41C38126EB493B004B924D /* ManualSchoolConstancy.swift in Sources */ = {isa = PBXBuildFile; fileRef = 3B41C38026EB493B004B924D /* ManualSchoolConstancy.swift */; };
		3B41C38726F15E85004B924D /* ConstancyRequestViewController.swift in Sources */ = {isa = PBXBuildFile; fileRef = 3B41C38626F15E85004B924D /* ConstancyRequestViewController.swift */; };
		3B41C38A26F1B072004B924D /* SelectConstancyViewController.swift in Sources */ = {isa = PBXBuildFile; fileRef = 3B41C38926F1B072004B924D /* SelectConstancyViewController.swift */; };
		3B41C39D26F1B3E7004B924D /* CreateManualRecordsService.swift in Sources */ = {isa = PBXBuildFile; fileRef = 3B41C39C26F1B3E7004B924D /* CreateManualRecordsService.swift */; };
		3B490BD626F71CB3001E0B9E /* Escudo.png in Resources */ = {isa = PBXBuildFile; fileRef = 3B490BD526F71CB3001E0B9E /* Escudo.png */; };
		3B490BDE26F7FEEF001E0B9E /* SecondPreviewViewController.swift in Sources */ = {isa = PBXBuildFile; fileRef = 3B490BDD26F7FEEF001E0B9E /* SecondPreviewViewController.swift */; };
		3B490BE526F87316001E0B9E /* ManualSchoolConstancyCollectionViewCell.swift in Sources */ = {isa = PBXBuildFile; fileRef = 3B490BE326F87316001E0B9E /* ManualSchoolConstancyCollectionViewCell.swift */; };
		3B490BE626F87316001E0B9E /* ManualSchoolConstancyCollectionViewCell.xib in Resources */ = {isa = PBXBuildFile; fileRef = 3B490BE426F87316001E0B9E /* ManualSchoolConstancyCollectionViewCell.xib */; };
		3B490BF726F879CC001E0B9E /* ViewManualSchoolConstancyService.swift in Sources */ = {isa = PBXBuildFile; fileRef = 3B490BF626F879CC001E0B9E /* ViewManualSchoolConstancyService.swift */; };
		3B490BFA26FAB9FB001E0B9E /* Announcement.swift in Sources */ = {isa = PBXBuildFile; fileRef = 3B490BF926FAB9FA001E0B9E /* Announcement.swift */; };
		3B490BFD26FABA78001E0B9E /* ViewAnnouncementService.swift in Sources */ = {isa = PBXBuildFile; fileRef = 3B490BFC26FABA78001E0B9E /* ViewAnnouncementService.swift */; };
		3B490C0126FAC17C001E0B9E /* AnnouncementCollectionViewCell.swift in Sources */ = {isa = PBXBuildFile; fileRef = 3B490BFF26FAC17C001E0B9E /* AnnouncementCollectionViewCell.swift */; };
		3B490C0226FAC17C001E0B9E /* AnnouncementCollectionViewCell.xib in Resources */ = {isa = PBXBuildFile; fileRef = 3B490C0026FAC17C001E0B9E /* AnnouncementCollectionViewCell.xib */; };
		3B490C0526FB1CCC001E0B9E /* ShowAnnouncemetViewController.swift in Sources */ = {isa = PBXBuildFile; fileRef = 3B490C0426FB1CCB001E0B9E /* ShowAnnouncemetViewController.swift */; };
		3B58276626FD0A3D00E8877E /* RequirementViewController.swift in Sources */ = {isa = PBXBuildFile; fileRef = 3B58276526FD0A3D00E8877E /* RequirementViewController.swift */; };
		3B58276A26FDB88D00E8877E /* TramitesViewController.swift in Sources */ = {isa = PBXBuildFile; fileRef = 3B58276926FDB88D00E8877E /* TramitesViewController.swift */; };
		3B58276D26FDD8F700E8877E /* TypeOfDocumentsViewController.swift in Sources */ = {isa = PBXBuildFile; fileRef = 3B58276C26FDD8F700E8877E /* TypeOfDocumentsViewController.swift */; };
/* End PBXBuildFile section */

/* Begin PBXFileReference section */
		3B1414BF26AB5A6200015A1D /* AppEscolarFI.app */ = {isa = PBXFileReference; explicitFileType = wrapper.application; includeInIndex = 0; path = AppEscolarFI.app; sourceTree = BUILT_PRODUCTS_DIR; };
		3B1414C226AB5A6200015A1D /* AppDelegate.swift */ = {isa = PBXFileReference; lastKnownFileType = sourcecode.swift; path = AppDelegate.swift; sourceTree = "<group>"; };
		3B1414C426AB5A6200015A1D /* SceneDelegate.swift */ = {isa = PBXFileReference; lastKnownFileType = sourcecode.swift; path = SceneDelegate.swift; sourceTree = "<group>"; };
		3B1414C626AB5A6200015A1D /* ViewController.swift */ = {isa = PBXFileReference; lastKnownFileType = sourcecode.swift; path = ViewController.swift; sourceTree = "<group>"; };
		3B1414C926AB5A6200015A1D /* Base */ = {isa = PBXFileReference; lastKnownFileType = file.storyboard; name = Base; path = Base.lproj/Main.storyboard; sourceTree = "<group>"; };
		3B1414CB26AB5A6400015A1D /* Assets.xcassets */ = {isa = PBXFileReference; lastKnownFileType = folder.assetcatalog; path = Assets.xcassets; sourceTree = "<group>"; };
		3B1414CE26AB5A6400015A1D /* Base */ = {isa = PBXFileReference; lastKnownFileType = file.storyboard; name = Base; path = Base.lproj/LaunchScreen.storyboard; sourceTree = "<group>"; };
		3B1414D026AB5A6400015A1D /* Info.plist */ = {isa = PBXFileReference; lastKnownFileType = text.plist.xml; path = Info.plist; sourceTree = "<group>"; };
		3B1C35E426CCD07D006EE0F1 /* DownloadDocumentViewController.swift */ = {isa = PBXFileReference; lastKnownFileType = sourcecode.swift; path = DownloadDocumentViewController.swift; sourceTree = "<group>"; };
		3B1C35E726CCD849006EE0F1 /* PpreviewPDFViewController.swift */ = {isa = PBXFileReference; lastKnownFileType = sourcecode.swift; path = PpreviewPDFViewController.swift; sourceTree = "<group>"; };
		3B1C35ED26D3169B006EE0F1 /* PDFCreator.swift */ = {isa = PBXFileReference; lastKnownFileType = sourcecode.swift; path = PDFCreator.swift; sourceTree = "<group>"; };
		3B1C35F026D3268D006EE0F1 /* LOGO-UNAM.png */ = {isa = PBXFileReference; lastKnownFileType = image.png; path = "LOGO-UNAM.png"; sourceTree = "<group>"; };
		3B1C35F326D782DD006EE0F1 /* Student.swift */ = {isa = PBXFileReference; lastKnownFileType = sourcecode.swift; path = Student.swift; sourceTree = "<group>"; };
		3B1C35F626D8A71E006EE0F1 /* SchoolSubject.swift */ = {isa = PBXFileReference; lastKnownFileType = sourcecode.swift; path = SchoolSubject.swift; sourceTree = "<group>"; };
		3B3AA08426FEF464007385A7 /* ViewStudentService.swift */ = {isa = PBXFileReference; lastKnownFileType = sourcecode.swift; path = ViewStudentService.swift; sourceTree = "<group>"; };
		3B3AA08726FF0479007385A7 /* BaseViewController.swift */ = {isa = PBXFileReference; lastKnownFileType = sourcecode.swift; path = BaseViewController.swift; sourceTree = "<group>"; };
		3B3AA09026FF8889007385A7 /* pngegg.png */ = {isa = PBXFileReference; lastKnownFileType = image.png; path = pngegg.png; sourceTree = "<group>"; };
		3B41B37426AE3CC700915CF1 /* GoogleService-Info.plist */ = {isa = PBXFileReference; fileEncoding = 4; lastKnownFileType = text.plist.xml; name = "GoogleService-Info.plist"; path = "../../../../Downloads/416063082-LEAL CASTILLO JOSE ENRIQUE/GoogleService-Info.plist"; sourceTree = "<group>"; };
		3B41B38726B9FB0B00915CF1 /* AmacaConfig.swift */ = {isa = PBXFileReference; lastKnownFileType = sourcecode.swift; path = AmacaConfig.swift; sourceTree = "<group>"; };
		3B41B38A26B9FB5300915CF1 /* HttpClient.swift */ = {isa = PBXFileReference; lastKnownFileType = sourcecode.swift; path = HttpClient.swift; sourceTree = "<group>"; };
		3B41B38D26B9FBCF00915CF1 /* ResponseError.swift */ = {isa = PBXFileReference; lastKnownFileType = sourcecode.swift; path = ResponseError.swift; sourceTree = "<group>"; };
		3B41B39026B9FC2000915CF1 /* RequestError.swift */ = {isa = PBXFileReference; lastKnownFileType = sourcecode.swift; path = RequestError.swift; sourceTree = "<group>"; };
		3B41B39326B9FD5400915CF1 /* HttpResponse.swift */ = {isa = PBXFileReference; lastKnownFileType = sourcecode.swift; path = HttpResponse.swift; sourceTree = "<group>"; };
		3B41B39626B9FDAD00915CF1 /* StatusCode.swift */ = {isa = PBXFileReference; lastKnownFileType = sourcecode.swift; path = StatusCode.swift; sourceTree = "<group>"; };
		3B41B39926B9FDDF00915CF1 /* RequestBuilder.swift */ = {isa = PBXFileReference; lastKnownFileType = sourcecode.swift; path = RequestBuilder.swift; sourceTree = "<group>"; };
		3B41B39C26B9FEB800915CF1 /* RestClient.swift */ = {isa = PBXFileReference; lastKnownFileType = sourcecode.swift; path = RestClient.swift; sourceTree = "<group>"; };
		3B41B3A026B9FFB500915CF1 /* ViewSchooSubjectsService.swift */ = {isa = PBXFileReference; lastKnownFileType = sourcecode.swift; path = ViewSchooSubjectsService.swift; sourceTree = "<group>"; };
		3B41B3A426BA00E100915CF1 /* Amaca.plist */ = {isa = PBXFileReference; fileEncoding = 4; lastKnownFileType = text.plist.xml; path = Amaca.plist; sourceTree = "<group>"; };
		3B41B3AB26BA12C600915CF1 /* NoticeViewController.swift */ = {isa = PBXFileReference; lastKnownFileType = sourcecode.swift; path = NoticeViewController.swift; sourceTree = "<group>"; };
		3B41C34F26E0AFE1004B924D /* InformationViewController.swift */ = {isa = PBXFileReference; lastKnownFileType = sourcecode.swift; path = InformationViewController.swift; sourceTree = "<group>"; };
		3B41C35226E0B216004B924D /* ShowPDFViewController.swift */ = {isa = PBXFileReference; lastKnownFileType = sourcecode.swift; path = ShowPDFViewController.swift; sourceTree = "<group>"; };
		3B41C35F26E829B4004B924D /* PostCollectionViewCell.swift */ = {isa = PBXFileReference; lastKnownFileType = sourcecode.swift; path = PostCollectionViewCell.swift; sourceTree = "<group>"; };
		3B41C38026EB493B004B924D /* ManualSchoolConstancy.swift */ = {isa = PBXFileReference; lastKnownFileType = sourcecode.swift; path = ManualSchoolConstancy.swift; sourceTree = "<group>"; };
		3B41C38626F15E85004B924D /* ConstancyRequestViewController.swift */ = {isa = PBXFileReference; lastKnownFileType = sourcecode.swift; path = ConstancyRequestViewController.swift; sourceTree = "<group>"; };
		3B41C38926F1B072004B924D /* SelectConstancyViewController.swift */ = {isa = PBXFileReference; lastKnownFileType = sourcecode.swift; path = SelectConstancyViewController.swift; sourceTree = "<group>"; };
		3B41C39C26F1B3E7004B924D /* CreateManualRecordsService.swift */ = {isa = PBXFileReference; lastKnownFileType = sourcecode.swift; path = CreateManualRecordsService.swift; sourceTree = "<group>"; };
		3B490BD526F71CB3001E0B9E /* Escudo.png */ = {isa = PBXFileReference; lastKnownFileType = image.png; path = Escudo.png; sourceTree = "<group>"; };
		3B490BD826F7ADCE001E0B9E /* AppEscolarFI.entitlements */ = {isa = PBXFileReference; lastKnownFileType = text.plist.entitlements; path = AppEscolarFI.entitlements; sourceTree = "<group>"; };
		3B490BDD26F7FEEF001E0B9E /* SecondPreviewViewController.swift */ = {isa = PBXFileReference; lastKnownFileType = sourcecode.swift; path = SecondPreviewViewController.swift; sourceTree = "<group>"; };
		3B490BE326F87316001E0B9E /* ManualSchoolConstancyCollectionViewCell.swift */ = {isa = PBXFileReference; lastKnownFileType = sourcecode.swift; path = ManualSchoolConstancyCollectionViewCell.swift; sourceTree = "<group>"; };
		3B490BE426F87316001E0B9E /* ManualSchoolConstancyCollectionViewCell.xib */ = {isa = PBXFileReference; lastKnownFileType = file.xib; path = ManualSchoolConstancyCollectionViewCell.xib; sourceTree = "<group>"; };
		3B490BF626F879CC001E0B9E /* ViewManualSchoolConstancyService.swift */ = {isa = PBXFileReference; lastKnownFileType = sourcecode.swift; path = ViewManualSchoolConstancyService.swift; sourceTree = "<group>"; };
		3B490BF926FAB9FA001E0B9E /* Announcement.swift */ = {isa = PBXFileReference; lastKnownFileType = sourcecode.swift; path = Announcement.swift; sourceTree = "<group>"; };
		3B490BFC26FABA78001E0B9E /* ViewAnnouncementService.swift */ = {isa = PBXFileReference; lastKnownFileType = sourcecode.swift; path = ViewAnnouncementService.swift; sourceTree = "<group>"; };
		3B490BFF26FAC17C001E0B9E /* AnnouncementCollectionViewCell.swift */ = {isa = PBXFileReference; lastKnownFileType = sourcecode.swift; path = AnnouncementCollectionViewCell.swift; sourceTree = "<group>"; };
		3B490C0026FAC17C001E0B9E /* AnnouncementCollectionViewCell.xib */ = {isa = PBXFileReference; lastKnownFileType = file.xib; path = AnnouncementCollectionViewCell.xib; sourceTree = "<group>"; };
		3B490C0426FB1CCB001E0B9E /* ShowAnnouncemetViewController.swift */ = {isa = PBXFileReference; lastKnownFileType = sourcecode.swift; path = ShowAnnouncemetViewController.swift; sourceTree = "<group>"; };
		3B58276526FD0A3D00E8877E /* RequirementViewController.swift */ = {isa = PBXFileReference; lastKnownFileType = sourcecode.swift; path = RequirementViewController.swift; sourceTree = "<group>"; };
		3B58276926FDB88D00E8877E /* TramitesViewController.swift */ = {isa = PBXFileReference; lastKnownFileType = sourcecode.swift; path = TramitesViewController.swift; sourceTree = "<group>"; };
		3B58276C26FDD8F700E8877E /* TypeOfDocumentsViewController.swift */ = {isa = PBXFileReference; lastKnownFileType = sourcecode.swift; path = TypeOfDocumentsViewController.swift; sourceTree = "<group>"; };
		5A39F462896A8EEC9E93C2FF /* Pods_AppEscolarFI.framework */ = {isa = PBXFileReference; explicitFileType = wrapper.framework; includeInIndex = 0; path = Pods_AppEscolarFI.framework; sourceTree = BUILT_PRODUCTS_DIR; };
		A6712076FB0F6F9BD23A3FC0 /* Pods-AppEscolarFI.debug.xcconfig */ = {isa = PBXFileReference; includeInIndex = 1; lastKnownFileType = text.xcconfig; name = "Pods-AppEscolarFI.debug.xcconfig"; path = "Target Support Files/Pods-AppEscolarFI/Pods-AppEscolarFI.debug.xcconfig"; sourceTree = "<group>"; };
		CE42FB5E5D9B7F760AF91012 /* Pods-AppEscolarFI.release.xcconfig */ = {isa = PBXFileReference; includeInIndex = 1; lastKnownFileType = text.xcconfig; name = "Pods-AppEscolarFI.release.xcconfig"; path = "Target Support Files/Pods-AppEscolarFI/Pods-AppEscolarFI.release.xcconfig"; sourceTree = "<group>"; };
/* End PBXFileReference section */

/* Begin PBXFrameworksBuildPhase section */
		3B1414BC26AB5A6200015A1D /* Frameworks */ = {
			isa = PBXFrameworksBuildPhase;
			buildActionMask = 2147483647;
			files = (
				2A65CCCA583E2B0ED03AC930 /* Pods_AppEscolarFI.framework in Frameworks */,
			);
			runOnlyForDeploymentPostprocessing = 0;
		};
/* End PBXFrameworksBuildPhase section */

/* Begin PBXGroup section */
		38B7F3678D2B0768F2F744AA /* Pods */ = {
			isa = PBXGroup;
			children = (
				A6712076FB0F6F9BD23A3FC0 /* Pods-AppEscolarFI.debug.xcconfig */,
				CE42FB5E5D9B7F760AF91012 /* Pods-AppEscolarFI.release.xcconfig */,
			);
			path = Pods;
			sourceTree = "<group>";
		};
		3B1414B626AB5A6200015A1D = {
			isa = PBXGroup;
			children = (
				3B1414C126AB5A6200015A1D /* AppEscolarFI */,
				3B1414C026AB5A6200015A1D /* Products */,
				38B7F3678D2B0768F2F744AA /* Pods */,
				9CD5EA318BD451609956E632 /* Frameworks */,
			);
			sourceTree = "<group>";
		};
		3B1414C026AB5A6200015A1D /* Products */ = {
			isa = PBXGroup;
			children = (
				3B1414BF26AB5A6200015A1D /* AppEscolarFI.app */,
			);
			name = Products;
			sourceTree = "<group>";
		};
		3B1414C126AB5A6200015A1D /* AppEscolarFI */ = {
			isa = PBXGroup;
			children = (
				3B41C35826E74F93004B924D /* assets */,
				3B41B3A726BA012200915CF1 /* Models */,
				3B41B39F26B9FEEC00915CF1 /* Services */,
				3B41B38526AE404400915CF1 /* viewcontroller */,
				3B41B38426AE403600915CF1 /* views */,
				3B41B36626AB5D1200915CF1 /* Network */,
				3B1414C226AB5A6200015A1D /* AppDelegate.swift */,
				3B1414C426AB5A6200015A1D /* SceneDelegate.swift */,
				3B41B37426AE3CC700915CF1 /* GoogleService-Info.plist */,
				3B490BD826F7ADCE001E0B9E /* AppEscolarFI.entitlements */,
				3B1414C626AB5A6200015A1D /* ViewController.swift */,
				3B41B3A426BA00E100915CF1 /* Amaca.plist */,
				3B1414C826AB5A6200015A1D /* Main.storyboard */,
				3B1414CB26AB5A6400015A1D /* Assets.xcassets */,
				3B1414CD26AB5A6400015A1D /* LaunchScreen.storyboard */,
				3B1414D026AB5A6400015A1D /* Info.plist */,
			);
			path = AppEscolarFI;
			sourceTree = "<group>";
		};
		3B41B36626AB5D1200915CF1 /* Network */ = {
			isa = PBXGroup;
			children = (
				3B41B38726B9FB0B00915CF1 /* AmacaConfig.swift */,
				3B41B39C26B9FEB800915CF1 /* RestClient.swift */,
				3B41B38A26B9FB5300915CF1 /* HttpClient.swift */,
				3B41B39326B9FD5400915CF1 /* HttpResponse.swift */,
				3B41B38D26B9FBCF00915CF1 /* ResponseError.swift */,
				3B41B39926B9FDDF00915CF1 /* RequestBuilder.swift */,
				3B41B39026B9FC2000915CF1 /* RequestError.swift */,
				3B41B39626B9FDAD00915CF1 /* StatusCode.swift */,
			);
			path = Network;
			sourceTree = "<group>";
		};
		3B41B38426AE403600915CF1 /* views */ = {
			isa = PBXGroup;
			children = (
				3B490BE426F87316001E0B9E /* ManualSchoolConstancyCollectionViewCell.xib */,
				3B490C0026FAC17C001E0B9E /* AnnouncementCollectionViewCell.xib */,
			);
			path = views;
			sourceTree = "<group>";
		};
		3B41B38526AE404400915CF1 /* viewcontroller */ = {
			isa = PBXGroup;
			children = (
				3B41B3AB26BA12C600915CF1 /* NoticeViewController.swift */,
				3B1C35E426CCD07D006EE0F1 /* DownloadDocumentViewController.swift */,
				3B1C35E726CCD849006EE0F1 /* PpreviewPDFViewController.swift */,
				3B41C34F26E0AFE1004B924D /* InformationViewController.swift */,
				3B41C35226E0B216004B924D /* ShowPDFViewController.swift */,
				3B41C38626F15E85004B924D /* ConstancyRequestViewController.swift */,
				3B41C38926F1B072004B924D /* SelectConstancyViewController.swift */,
				3B490BDD26F7FEEF001E0B9E /* SecondPreviewViewController.swift */,
				3B490BE326F87316001E0B9E /* ManualSchoolConstancyCollectionViewCell.swift */,
				3B490BFF26FAC17C001E0B9E /* AnnouncementCollectionViewCell.swift */,
				3B490C0426FB1CCB001E0B9E /* ShowAnnouncemetViewController.swift */,
				3B58276526FD0A3D00E8877E /* RequirementViewController.swift */,
				3B58276926FDB88D00E8877E /* TramitesViewController.swift */,
				3B41C35F26E829B4004B924D /* PostCollectionViewCell.swift */,
				3B58276C26FDD8F700E8877E /* TypeOfDocumentsViewController.swift */,
				3B3AA08726FF0479007385A7 /* BaseViewController.swift */,
			);
			path = viewcontroller;
			sourceTree = "<group>";
		};
		3B41B39F26B9FEEC00915CF1 /* Services */ = {
			isa = PBXGroup;
			children = (
				3B41B3A026B9FFB500915CF1 /* ViewSchooSubjectsService.swift */,
				3B1C35ED26D3169B006EE0F1 /* PDFCreator.swift */,
				3B41C39C26F1B3E7004B924D /* CreateManualRecordsService.swift */,
				3B490BF626F879CC001E0B9E /* ViewManualSchoolConstancyService.swift */,
				3B490BFC26FABA78001E0B9E /* ViewAnnouncementService.swift */,
				3B3AA08426FEF464007385A7 /* ViewStudentService.swift */,
			);
			path = Services;
			sourceTree = "<group>";
		};
		3B41B3A726BA012200915CF1 /* Models */ = {
			isa = PBXGroup;
			children = (
				3B1C35F326D782DD006EE0F1 /* Student.swift */,
				3B1C35F626D8A71E006EE0F1 /* SchoolSubject.swift */,
				3B41C38026EB493B004B924D /* ManualSchoolConstancy.swift */,
				3B490BF926FAB9FA001E0B9E /* Announcement.swift */,
			);
			path = Models;
			sourceTree = "<group>";
		};
		3B41C35826E74F93004B924D /* assets */ = {
			isa = PBXGroup;
			children = (
				3B1C35F026D3268D006EE0F1 /* LOGO-UNAM.png */,
				3B490BD526F71CB3001E0B9E /* Escudo.png */,
				3B3AA09026FF8889007385A7 /* pngegg.png */,
			);
			path = assets;
			sourceTree = "<group>";
		};
		9CD5EA318BD451609956E632 /* Frameworks */ = {
			isa = PBXGroup;
			children = (
				5A39F462896A8EEC9E93C2FF /* Pods_AppEscolarFI.framework */,
			);
			name = Frameworks;
			sourceTree = "<group>";
		};
/* End PBXGroup section */

/* Begin PBXNativeTarget section */
		3B1414BE26AB5A6200015A1D /* AppEscolarFI */ = {
			isa = PBXNativeTarget;
			buildConfigurationList = 3B1414D326AB5A6400015A1D /* Build configuration list for PBXNativeTarget "AppEscolarFI" */;
			buildPhases = (
				2595C9756144A9154B447D07 /* [CP] Check Pods Manifest.lock */,
				3B1414BB26AB5A6200015A1D /* Sources */,
				3B1414BC26AB5A6200015A1D /* Frameworks */,
				3B1414BD26AB5A6200015A1D /* Resources */,
				5DC66CCFD39C05C86A0ADD4C /* [CP] Embed Pods Frameworks */,
			);
			buildRules = (
			);
			dependencies = (
			);
			name = AppEscolarFI;
			productName = AppEscolarFI;
			productReference = 3B1414BF26AB5A6200015A1D /* AppEscolarFI.app */;
			productType = "com.apple.product-type.application";
		};
/* End PBXNativeTarget section */

/* Begin PBXProject section */
		3B1414B726AB5A6200015A1D /* Project object */ = {
			isa = PBXProject;
			attributes = {
				LastSwiftUpdateCheck = 1220;
				LastUpgradeCheck = 1220;
				TargetAttributes = {
					3B1414BE26AB5A6200015A1D = {
						CreatedOnToolsVersion = 12.2;
					};
				};
			};
			buildConfigurationList = 3B1414BA26AB5A6200015A1D /* Build configuration list for PBXProject "AppEscolarFI" */;
			compatibilityVersion = "Xcode 9.3";
			developmentRegion = en;
			hasScannedForEncodings = 0;
			knownRegions = (
				en,
				Base,
			);
			mainGroup = 3B1414B626AB5A6200015A1D;
			productRefGroup = 3B1414C026AB5A6200015A1D /* Products */;
			projectDirPath = "";
			projectRoot = "";
			targets = (
				3B1414BE26AB5A6200015A1D /* AppEscolarFI */,
			);
		};
/* End PBXProject section */

/* Begin PBXResourcesBuildPhase section */
		3B1414BD26AB5A6200015A1D /* Resources */ = {
			isa = PBXResourcesBuildPhase;
			buildActionMask = 2147483647;
			files = (
				3B490BE626F87316001E0B9E /* ManualSchoolConstancyCollectionViewCell.xib in Resources */,
				3B1414CF26AB5A6400015A1D /* LaunchScreen.storyboard in Resources */,
				3B490C0226FAC17C001E0B9E /* AnnouncementCollectionViewCell.xib in Resources */,
				3B1C35F126D3268D006EE0F1 /* LOGO-UNAM.png in Resources */,
				3B41B3A526BA00E100915CF1 /* Amaca.plist in Resources */,
				3B3AA09126FF8889007385A7 /* pngegg.png in Resources */,
				3B490BD626F71CB3001E0B9E /* Escudo.png in Resources */,
				3B41B37526AE3CC700915CF1 /* GoogleService-Info.plist in Resources */,
				3B1414CC26AB5A6400015A1D /* Assets.xcassets in Resources */,
				3B1414CA26AB5A6200015A1D /* Main.storyboard in Resources */,
			);
			runOnlyForDeploymentPostprocessing = 0;
		};
/* End PBXResourcesBuildPhase section */

/* Begin PBXShellScriptBuildPhase section */
		2595C9756144A9154B447D07 /* [CP] Check Pods Manifest.lock */ = {
			isa = PBXShellScriptBuildPhase;
			buildActionMask = 2147483647;
			files = (
			);
			inputFileListPaths = (
			);
			inputPaths = (
				"${PODS_PODFILE_DIR_PATH}/Podfile.lock",
				"${PODS_ROOT}/Manifest.lock",
			);
			name = "[CP] Check Pods Manifest.lock";
			outputFileListPaths = (
			);
			outputPaths = (
				"$(DERIVED_FILE_DIR)/Pods-AppEscolarFI-checkManifestLockResult.txt",
			);
			runOnlyForDeploymentPostprocessing = 0;
			shellPath = /bin/sh;
			shellScript = "diff \"${PODS_PODFILE_DIR_PATH}/Podfile.lock\" \"${PODS_ROOT}/Manifest.lock\" > /dev/null\nif [ $? != 0 ] ; then\n    # print error to STDERR\n    echo \"error: The sandbox is not in sync with the Podfile.lock. Run 'pod install' or update your CocoaPods installation.\" >&2\n    exit 1\nfi\n# This output is used by Xcode 'outputs' to avoid re-running this script phase.\necho \"SUCCESS\" > \"${SCRIPT_OUTPUT_FILE_0}\"\n";
			showEnvVarsInLog = 0;
		};
		5DC66CCFD39C05C86A0ADD4C /* [CP] Embed Pods Frameworks */ = {
			isa = PBXShellScriptBuildPhase;
			buildActionMask = 2147483647;
			files = (
			);
			inputFileListPaths = (
				"${PODS_ROOT}/Target Support Files/Pods-AppEscolarFI/Pods-AppEscolarFI-frameworks-${CONFIGURATION}-input-files.xcfilelist",
			);
			name = "[CP] Embed Pods Frameworks";
			outputFileListPaths = (
				"${PODS_ROOT}/Target Support Files/Pods-AppEscolarFI/Pods-AppEscolarFI-frameworks-${CONFIGURATION}-output-files.xcfilelist",
			);
			runOnlyForDeploymentPostprocessing = 0;
			shellPath = /bin/sh;
			shellScript = "\"${PODS_ROOT}/Target Support Files/Pods-AppEscolarFI/Pods-AppEscolarFI-frameworks.sh\"\n";
			showEnvVarsInLog = 0;
		};
/* End PBXShellScriptBuildPhase section */

/* Begin PBXSourcesBuildPhase section */
		3B1414BB26AB5A6200015A1D /* Sources */ = {
			isa = PBXSourcesBuildPhase;
			buildActionMask = 2147483647;
			files = (
				3B41C35326E0B216004B924D /* ShowPDFViewController.swift in Sources */,
				3B1C35F726D8A71E006EE0F1 /* SchoolSubject.swift in Sources */,
				3B1C35E826CCD849006EE0F1 /* PpreviewPDFViewController.swift in Sources */,
				3B41C38726F15E85004B924D /* ConstancyRequestViewController.swift in Sources */,
				3B3AA08526FEF464007385A7 /* ViewStudentService.swift in Sources */,
				3B1C35E526CCD07D006EE0F1 /* DownloadDocumentViewController.swift in Sources */,
				3B490BF726F879CC001E0B9E /* ViewManualSchoolConstancyService.swift in Sources */,
				3B490BFA26FAB9FB001E0B9E /* Announcement.swift in Sources */,
				3B41B39126B9FC2000915CF1 /* RequestError.swift in Sources */,
				3B41B38B26B9FB5300915CF1 /* HttpClient.swift in Sources */,
				3B490BDE26F7FEEF001E0B9E /* SecondPreviewViewController.swift in Sources */,
				3B41C38A26F1B072004B924D /* SelectConstancyViewController.swift in Sources */,
				3B41B39726B9FDAD00915CF1 /* StatusCode.swift in Sources */,
				3B1414C726AB5A6200015A1D /* ViewController.swift in Sources */,
				3B490C0126FAC17C001E0B9E /* AnnouncementCollectionViewCell.swift in Sources */,
				3B3AA08826FF0479007385A7 /* BaseViewController.swift in Sources */,
				3B1C35F426D782DE006EE0F1 /* Student.swift in Sources */,
				3B41C36126E829B4004B924D /* PostCollectionViewCell.swift in Sources */,
				3B41B39D26B9FEB800915CF1 /* RestClient.swift in Sources */,
				3B58276D26FDD8F700E8877E /* TypeOfDocumentsViewController.swift in Sources */,
				3B41B3A126B9FFB500915CF1 /* ViewSchooSubjectsService.swift in Sources */,
				3B41B38826B9FB0B00915CF1 /* AmacaConfig.swift in Sources */,
				3B41B39A26B9FDDF00915CF1 /* RequestBuilder.swift in Sources */,
				3B41B39426B9FD5400915CF1 /* HttpResponse.swift in Sources */,
				3B58276626FD0A3D00E8877E /* RequirementViewController.swift in Sources */,
				3B41B3AC26BA12C600915CF1 /* NoticeViewController.swift in Sources */,
				3B490BE526F87316001E0B9E /* ManualSchoolConstancyCollectionViewCell.swift in Sources */,
				3B41C35026E0AFE1004B924D /* InformationViewController.swift in Sources */,
				3B41B38E26B9FBCF00915CF1 /* ResponseError.swift in Sources */,
				3B1C35EE26D3169B006EE0F1 /* PDFCreator.swift in Sources */,
				3B41C39D26F1B3E7004B924D /* CreateManualRecordsService.swift in Sources */,
				3B490BFD26FABA78001E0B9E /* ViewAnnouncementService.swift in Sources */,
				3B41C38126EB493B004B924D /* ManualSchoolConstancy.swift in Sources */,
				3B490C0526FB1CCC001E0B9E /* ShowAnnouncemetViewController.swift in Sources */,
				3B58276A26FDB88D00E8877E /* TramitesViewController.swift in Sources */,
				3B1414C326AB5A6200015A1D /* AppDelegate.swift in Sources */,
				3B1414C526AB5A6200015A1D /* SceneDelegate.swift in Sources */,
			);
			runOnlyForDeploymentPostprocessing = 0;
		};
/* End PBXSourcesBuildPhase section */

/* Begin PBXVariantGroup section */
		3B1414C826AB5A6200015A1D /* Main.storyboard */ = {
			isa = PBXVariantGroup;
			children = (
				3B1414C926AB5A6200015A1D /* Base */,
			);
			name = Main.storyboard;
			sourceTree = "<group>";
		};
		3B1414CD26AB5A6400015A1D /* LaunchScreen.storyboard */ = {
			isa = PBXVariantGroup;
			children = (
				3B1414CE26AB5A6400015A1D /* Base */,
			);
			name = LaunchScreen.storyboard;
			sourceTree = "<group>";
		};
/* End PBXVariantGroup section */

/* Begin XCBuildConfiguration section */
		3B1414D126AB5A6400015A1D /* Debug */ = {
			isa = XCBuildConfiguration;
			buildSettings = {
				ALWAYS_SEARCH_USER_PATHS = NO;
				CLANG_ANALYZER_NONNULL = YES;
				CLANG_ANALYZER_NUMBER_OBJECT_CONVERSION = YES_AGGRESSIVE;
				CLANG_CXX_LANGUAGE_STANDARD = "gnu++14";
				CLANG_CXX_LIBRARY = "libc++";
				CLANG_ENABLE_MODULES = YES;
				CLANG_ENABLE_OBJC_ARC = YES;
				CLANG_ENABLE_OBJC_WEAK = YES;
				CLANG_WARN_BLOCK_CAPTURE_AUTORELEASING = YES;
				CLANG_WARN_BOOL_CONVERSION = YES;
				CLANG_WARN_COMMA = YES;
				CLANG_WARN_CONSTANT_CONVERSION = YES;
				CLANG_WARN_DEPRECATED_OBJC_IMPLEMENTATIONS = YES;
				CLANG_WARN_DIRECT_OBJC_ISA_USAGE = YES_ERROR;
				CLANG_WARN_DOCUMENTATION_COMMENTS = YES;
				CLANG_WARN_EMPTY_BODY = YES;
				CLANG_WARN_ENUM_CONVERSION = YES;
				CLANG_WARN_INFINITE_RECURSION = YES;
				CLANG_WARN_INT_CONVERSION = YES;
				CLANG_WARN_NON_LITERAL_NULL_CONVERSION = YES;
				CLANG_WARN_OBJC_IMPLICIT_RETAIN_SELF = YES;
				CLANG_WARN_OBJC_LITERAL_CONVERSION = YES;
				CLANG_WARN_OBJC_ROOT_CLASS = YES_ERROR;
				CLANG_WARN_QUOTED_INCLUDE_IN_FRAMEWORK_HEADER = YES;
				CLANG_WARN_RANGE_LOOP_ANALYSIS = YES;
				CLANG_WARN_STRICT_PROTOTYPES = YES;
				CLANG_WARN_SUSPICIOUS_MOVE = YES;
				CLANG_WARN_UNGUARDED_AVAILABILITY = YES_AGGRESSIVE;
				CLANG_WARN_UNREACHABLE_CODE = YES;
				CLANG_WARN__DUPLICATE_METHOD_MATCH = YES;
				COPY_PHASE_STRIP = NO;
				DEBUG_INFORMATION_FORMAT = dwarf;
				ENABLE_STRICT_OBJC_MSGSEND = YES;
				ENABLE_TESTABILITY = YES;
				GCC_C_LANGUAGE_STANDARD = gnu11;
				GCC_DYNAMIC_NO_PIC = NO;
				GCC_NO_COMMON_BLOCKS = YES;
				GCC_OPTIMIZATION_LEVEL = 0;
				GCC_PREPROCESSOR_DEFINITIONS = (
					"DEBUG=1",
					"$(inherited)",
				);
				GCC_WARN_64_TO_32_BIT_CONVERSION = YES;
				GCC_WARN_ABOUT_RETURN_TYPE = YES_ERROR;
				GCC_WARN_UNDECLARED_SELECTOR = YES;
				GCC_WARN_UNINITIALIZED_AUTOS = YES_AGGRESSIVE;
				GCC_WARN_UNUSED_FUNCTION = YES;
				GCC_WARN_UNUSED_VARIABLE = YES;
				IPHONEOS_DEPLOYMENT_TARGET = 14.2;
				MTL_ENABLE_DEBUG_INFO = INCLUDE_SOURCE;
				MTL_FAST_MATH = YES;
				ONLY_ACTIVE_ARCH = YES;
				SDKROOT = iphoneos;
				SWIFT_ACTIVE_COMPILATION_CONDITIONS = DEBUG;
				SWIFT_OPTIMIZATION_LEVEL = "-Onone";
			};
			name = Debug;
		};
		3B1414D226AB5A6400015A1D /* Release */ = {
			isa = XCBuildConfiguration;
			buildSettings = {
				ALWAYS_SEARCH_USER_PATHS = NO;
				CLANG_ANALYZER_NONNULL = YES;
				CLANG_ANALYZER_NUMBER_OBJECT_CONVERSION = YES_AGGRESSIVE;
				CLANG_CXX_LANGUAGE_STANDARD = "gnu++14";
				CLANG_CXX_LIBRARY = "libc++";
				CLANG_ENABLE_MODULES = YES;
				CLANG_ENABLE_OBJC_ARC = YES;
				CLANG_ENABLE_OBJC_WEAK = YES;
				CLANG_WARN_BLOCK_CAPTURE_AUTORELEASING = YES;
				CLANG_WARN_BOOL_CONVERSION = YES;
				CLANG_WARN_COMMA = YES;
				CLANG_WARN_CONSTANT_CONVERSION = YES;
				CLANG_WARN_DEPRECATED_OBJC_IMPLEMENTATIONS = YES;
				CLANG_WARN_DIRECT_OBJC_ISA_USAGE = YES_ERROR;
				CLANG_WARN_DOCUMENTATION_COMMENTS = YES;
				CLANG_WARN_EMPTY_BODY = YES;
				CLANG_WARN_ENUM_CONVERSION = YES;
				CLANG_WARN_INFINITE_RECURSION = YES;
				CLANG_WARN_INT_CONVERSION = YES;
				CLANG_WARN_NON_LITERAL_NULL_CONVERSION = YES;
				CLANG_WARN_OBJC_IMPLICIT_RETAIN_SELF = YES;
				CLANG_WARN_OBJC_LITERAL_CONVERSION = YES;
				CLANG_WARN_OBJC_ROOT_CLASS = YES_ERROR;
				CLANG_WARN_QUOTED_INCLUDE_IN_FRAMEWORK_HEADER = YES;
				CLANG_WARN_RANGE_LOOP_ANALYSIS = YES;
				CLANG_WARN_STRICT_PROTOTYPES = YES;
				CLANG_WARN_SUSPICIOUS_MOVE = YES;
				CLANG_WARN_UNGUARDED_AVAILABILITY = YES_AGGRESSIVE;
				CLANG_WARN_UNREACHABLE_CODE = YES;
				CLANG_WARN__DUPLICATE_METHOD_MATCH = YES;
				COPY_PHASE_STRIP = NO;
				DEBUG_INFORMATION_FORMAT = "dwarf-with-dsym";
				ENABLE_NS_ASSERTIONS = NO;
				ENABLE_STRICT_OBJC_MSGSEND = YES;
				GCC_C_LANGUAGE_STANDARD = gnu11;
				GCC_NO_COMMON_BLOCKS = YES;
				GCC_WARN_64_TO_32_BIT_CONVERSION = YES;
				GCC_WARN_ABOUT_RETURN_TYPE = YES_ERROR;
				GCC_WARN_UNDECLARED_SELECTOR = YES;
				GCC_WARN_UNINITIALIZED_AUTOS = YES_AGGRESSIVE;
				GCC_WARN_UNUSED_FUNCTION = YES;
				GCC_WARN_UNUSED_VARIABLE = YES;
				IPHONEOS_DEPLOYMENT_TARGET = 14.2;
				MTL_ENABLE_DEBUG_INFO = NO;
				MTL_FAST_MATH = YES;
				SDKROOT = iphoneos;
				SWIFT_COMPILATION_MODE = wholemodule;
				SWIFT_OPTIMIZATION_LEVEL = "-O";
				VALIDATE_PRODUCT = YES;
			};
			name = Release;
		};
		3B1414D426AB5A6400015A1D /* Debug */ = {
			isa = XCBuildConfiguration;
			baseConfigurationReference = A6712076FB0F6F9BD23A3FC0 /* Pods-AppEscolarFI.debug.xcconfig */;
			buildSettings = {
				ASSETCATALOG_COMPILER_APPICON_NAME = AppIcon;
				ASSETCATALOG_COMPILER_GLOBAL_ACCENT_COLOR_NAME = AccentColor;
				CODE_SIGN_ENTITLEMENTS = AppEscolarFI/AppEscolarFI.entitlements;
				CODE_SIGN_STYLE = Automatic;
				DEVELOPMENT_TEAM = NDQFNTARQV;
				INFOPLIST_FILE = AppEscolarFI/Info.plist;
				LD_RUNPATH_SEARCH_PATHS = (
					"$(inherited)",
					"@executable_path/Frameworks",
				);
				PRODUCT_BUNDLE_IDENTIFIER = prueba.AppEscolarFI;
				PRODUCT_NAME = "$(TARGET_NAME)";
				SWIFT_VERSION = 5.0;
				TARGETED_DEVICE_FAMILY = "1,2";
			};
			name = Debug;
		};
		3B1414D526AB5A6400015A1D /* Release */ = {
			isa = XCBuildConfiguration;
			baseConfigurationReference = CE42FB5E5D9B7F760AF91012 /* Pods-AppEscolarFI.release.xcconfig */;
			buildSettings = {
				ASSETCATALOG_COMPILER_APPICON_NAME = AppIcon;
				ASSETCATALOG_COMPILER_GLOBAL_ACCENT_COLOR_NAME = AccentColor;
				CODE_SIGN_ENTITLEMENTS = AppEscolarFI/AppEscolarFI.entitlements;
				CODE_SIGN_STYLE = Automatic;
				DEVELOPMENT_TEAM = NDQFNTARQV;
				INFOPLIST_FILE = AppEscolarFI/Info.plist;
				LD_RUNPATH_SEARCH_PATHS = (
					"$(inherited)",
					"@executable_path/Frameworks",
				);
				PRODUCT_BUNDLE_IDENTIFIER = prueba.AppEscolarFI;
				PRODUCT_NAME = "$(TARGET_NAME)";
				SWIFT_VERSION = 5.0;
				TARGETED_DEVICE_FAMILY = "1,2";
			};
			name = Release;
		};
/* End XCBuildConfiguration section */

/* Begin XCConfigurationList section */
		3B1414BA26AB5A6200015A1D /* Build configuration list for PBXProject "AppEscolarFI" */ = {
			isa = XCConfigurationList;
			buildConfigurations = (
				3B1414D126AB5A6400015A1D /* Debug */,
				3B1414D226AB5A6400015A1D /* Release */,
			);
			defaultConfigurationIsVisible = 0;
			defaultConfigurationName = Release;
		};
		3B1414D326AB5A6400015A1D /* Build configuration list for PBXNativeTarget "AppEscolarFI" */ = {
			isa = XCConfigurationList;
			buildConfigurations = (
				3B1414D426AB5A6400015A1D /* Debug */,
				3B1414D526AB5A6400015A1D /* Release */,
			);
			defaultConfigurationIsVisible = 0;
			defaultConfigurationName = Release;
		};
/* End XCConfigurationList section */
	};
	rootObject = 3B1414B726AB5A6200015A1D /* Project object */;
}
